
Microsoft Visual Studio Solution File, Format Version 12.00
# Visual Studio Version 17
VisualStudioVersion = 17.6.33829.357
MinimumVisualStudioVersion = 10.0.40219.1
Project("{FAE04EC0-301F-11D3-BF4B-00C04F79EFBC}") = "Zamazor", "Zamazor\Zamazor.csproj", "{2488F382-6904-4C42-BD02-284F5629FDD1}"
EndProject
Project("{9A19103F-16F7-4668-BE54-9A1E7A4F7556}") = "AppCore", "AppCore\AppCore.csproj", "{FA26BF4A-0F54-4136-A221-C05EF1AF467E}"
EndProject
Project("{9A19103F-16F7-4668-BE54-9A1E7A4F7556}") = "Business", "Business\Business.csproj", "{1FAD5666-189B-4AA1-9484-297DA61C5A90}"
EndProject
Project("{9A19103F-16F7-4668-BE54-9A1E7A4F7556}") = "DataAccess", "DataAccess\DataAccess.csproj", "{478B08A2-EFDB-4D52-8DC9-7320D63E6815}"
EndProject
Global
	GlobalSection(SolutionConfigurationPlatforms) = preSolution
		Debug|Any CPU = Debug|Any CPU
		Release|Any CPU = Release|Any CPU
	EndGlobalSection
	GlobalSection(ProjectConfigurationPlatforms) = postSolution
		{2488F382-6904-4C42-BD02-284F5629FDD1}.Debug|Any CPU.ActiveCfg = Debug|Any CPU
		{2488F382-6904-4C42-BD02-284F5629FDD1}.Debug|Any CPU.Build.0 = Debug|Any CPU
		{2488F382-6904-4C42-BD02-284F5629FDD1}.Release|Any CPU.ActiveCfg = Release|Any CPU
		{2488F382-6904-4C42-BD02-284F5629FDD1}.Release|Any CPU.Build.0 = Release|Any CPU
		{FA26BF4A-0F54-4136-A221-C05EF1AF467E}.Debug|Any CPU.ActiveCfg = Debug|Any CPU
		{FA26BF4A-0F54-4136-A221-C05EF1AF467E}.Debug|Any CPU.Build.0 = Debug|Any CPU
		{FA26BF4A-0F54-4136-A221-C05EF1AF467E}.Release|Any CPU.ActiveCfg = Release|Any CPU
		{FA26BF4A-0F54-4136-A221-C05EF1AF467E}.Release|Any CPU.Build.0 = Release|Any CPU
		{1FAD5666-189B-4AA1-9484-297DA61C5A90}.Debug|Any CPU.ActiveCfg = Debug|Any CPU
		{1FAD5666-189B-4AA1-9484-297DA61C5A90}.Debug|Any CPU.Build.0 = Debug|Any CPU
		{1FAD5666-189B-4AA1-9484-297DA61C5A90}.Release|Any CPU.ActiveCfg = Release|Any CPU
		{1FAD5666-189B-4AA1-9484-297DA61C5A90}.Release|Any CPU.Build.0 = Release|Any CPU
		{478B08A2-EFDB-4D52-8DC9-7320D63E6815}.Debug|Any CPU.ActiveCfg = Debug|Any CPU
		{478B08A2-EFDB-4D52-8DC9-7320D63E6815}.Debug|Any CPU.Build.0 = Debug|Any CPU
		{478B08A2-EFDB-4D52-8DC9-7320D63E6815}.Release|Any CPU.ActiveCfg = Release|Any CPU
		{478B08A2-EFDB-4D52-8DC9-7320D63E6815}.Release|Any CPU.Build.0 = Release|Any CPU
	EndGlobalSection
	GlobalSection(SolutionProperties) = preSolution
		HideSolutionNode = FALSE
	EndGlobalSection
	GlobalSection(ExtensibilityGlobals) = postSolution
		SolutionGuid = {6CF91CEE-393D-4F23-8EAD-57AD36EA7A28}
	EndGlobalSection
EndGlobal
